
Microsoft Visual Studio Solution File, Format Version 12.00
# Visual Studio Version 17
VisualStudioVersion = 17.14.36414.22 d17.14
MinimumVisualStudioVersion = 10.0.40219.1
Project("{FAE04EC0-301F-11D3-BF4B-00C04F79EFBC}") = "DSW1_T1_PEREZ_RODRIGUEZ_ANTHONY_JORDAN", "DSW1_T1_PEREZ_RODRIGUEZ_ANTHONY_JORDAN.csproj", "{A1EB5997-B9A3-4298-B688-6CE0883A297D}"
EndProject
Global
	GlobalSection(SolutionConfigurationPlatforms) = preSolution
		Debug|Any CPU = Debug|Any CPU
		Release|Any CPU = Release|Any CPU
	EndGlobalSection
	GlobalSection(ProjectConfigurationPlatforms) = postSolution
		{A1EB5997-B9A3-4298-B688-6CE0883A297D}.Debug|Any CPU.ActiveCfg = Debug|Any CPU
		{A1EB5997-B9A3-4298-B688-6CE0883A297D}.Debug|Any CPU.Build.0 = Debug|Any CPU
		{A1EB5997-B9A3-4298-B688-6CE0883A297D}.Release|Any CPU.ActiveCfg = Release|Any CPU
		{A1EB5997-B9A3-4298-B688-6CE0883A297D}.Release|Any CPU.Build.0 = Release|Any CPU
	EndGlobalSection
	GlobalSection(SolutionProperties) = preSolution
		HideSolutionNode = FALSE
	EndGlobalSection
	GlobalSection(ExtensibilityGlobals) = postSolution
		SolutionGuid = {D39B0535-C0B7-4B86-9442-0E1BA46B24D3}
	EndGlobalSection
EndGlobal
